
Microsoft Visual Studio Solution File, Format Version 12.00
# Visual Studio Version 16
VisualStudioVersion = 16.0.29609.76
MinimumVisualStudioVersion = 10.0.40219.1
Project("{FAE04EC0-301F-11D3-BF4B-00C04F79EFBC}") = "BaiTap4", "BaiTap4.csproj", "{AEE738A9-525B-44E8-A32E-6A70B1B9E014}"
EndProject
Global
	GlobalSection(SolutionConfigurationPlatforms) = preSolution
		Debug|Any CPU = Debug|Any CPU
		Release|Any CPU = Release|Any CPU
	EndGlobalSection
	GlobalSection(ProjectConfigurationPlatforms) = postSolution
		{AEE738A9-525B-44E8-A32E-6A70B1B9E014}.Debug|Any CPU.ActiveCfg = Debug|Any CPU
		{AEE738A9-525B-44E8-A32E-6A70B1B9E014}.Debug|Any CPU.Build.0 = Debug|Any CPU
		{AEE738A9-525B-44E8-A32E-6A70B1B9E014}.Release|Any CPU.ActiveCfg = Release|Any CPU
		{AEE738A9-525B-44E8-A32E-6A70B1B9E014}.Release|Any CPU.Build.0 = Release|Any CPU
	EndGlobalSection
	GlobalSection(SolutionProperties) = preSolution
		HideSolutionNode = FALSE
	EndGlobalSection
	GlobalSection(ExtensibilityGlobals) = postSolution
		SolutionGuid = {6167400A-4A3A-4245-B3DD-75E80447AD34}
	EndGlobalSection
EndGlobal
