<?xml version="1.0" encoding="utf-8"?>
<Project ToolsVersion="4.0" xmlns="http://schemas.microsoft.com/developer/msbuild/2003">
  <ItemGroup>
    <Filter Include="Source Files">
      <UniqueIdentifier>{4FC737F1-C7A5-4376-A066-2A32D752A2FF}</UniqueIdentifier>
      <Extensions>cpp;c;cc;cxx;def;odl;idl;hpj;bat;asm;asmx</Extensions>
    </Filter>
    <Filter Include="Header Files">
      <UniqueIdentifier>{93995380-89BD-4b04-88EB-625FBE52EBFB}</UniqueIdentifier>
      <Extensions>h;hh;hpp;hxx;hm;inl;inc;xsd</Extensions>
    </Filter>
    <Filter Include="Resource Files">
      <UniqueIdentifier>{67DA6AB6-F800-4c08-8B7A-83BB121AAD01}</UniqueIdentifier>
      <Extensions>rc;ico;cur;bmp;dlg;rc2;rct;bin;rgs;gif;jpg;jpeg;jpe;resx;tiff;tif;png;wav;mfcribbon-ms</Extensions>
    </Filter>
  </ItemGroup>
  <ItemGroup>
    <ClCompile Include="main.cpp">
      <Filter>Source Files</Filter>
    </ClCompile>
    <ClCompile Include="HoaDon.cpp">
      <Filter>Source Files</Filter>
    </ClCompile>
    <ClCompile Include="ChiTiet.cpp">
      <Filter>Source Files</Filter>
    </ClCompile>
    <ClCompile Include="KhachHang.cpp">
      <Filter>Source Files</Filter>
    </ClCompile>
    <ClCompile Include="MayQuat.cpp">
      <Filter>Source Files</Filter>
    </ClCompile>
    <ClCompile Include="BongDen.cpp">
      <Filter>Source Files</Filter>
    </ClCompile>
    <ClCompile Include="MayLanh.cpp">
      <Filter>Source Files</Filter>
    </ClCompile>
    <ClCompile Include="MayQuatHop.cpp">
      <Filter>Source Files</Filter>
    </ClCompile>
    <ClCompile Include="MayQuatHoiNuoc.cpp">
      <Filter>Source Files</Filter>
    </ClCompile>
    <ClCompile Include="MayQuatSacDien.cpp">
      <Filter>Source Files</Filter>
    </ClCompile>
    <ClCompile Include="MayLanh1chieu.cpp">
      <Filter>Source Files</Filter>
    </ClCompile>
    <ClCompile Include="MayLanh2chieu.cpp">
      <Filter>Source Files</Filter>
    </ClCompile>
    <ClCompile Include="MayQuatDung.cpp">
      <Filter>Source Files</Filter>
    </ClCompile>
  </ItemGroup>
  <ItemGroup>
    <ClInclude Include="HoaDon.h">
      <Filter>Header Files</Filter>
    </ClInclude>
    <ClInclude Include="ChiTiet.h">
      <Filter>Header Files</Filter>
    </ClInclude>
    <ClInclude Include="KhachHang.h">
      <Filter>Header Files</Filter>
    </ClInclude>
    <ClInclude Include="MayQuat.h">
      <Filter>Header Files</Filter>
    </ClInclude>
    <ClInclude Include="BongDen.h">
      <Filter>Header Files</Filter>
    </ClInclude>
    <ClInclude Include="MayLanh.h">
      <Filter>Header Files</Filter>
    </ClInclude>
    <ClInclude Include="MayQuatHop.h">
      <Filter>Header Files</Filter>
    </ClInclude>
    <ClInclude Include="MayQuatHoiNuoc.h">
      <Filter>Header Files</Filter>
    </ClInclude>
    <ClInclude Include="MayQuatSacDien.h">
      <Filter>Header Files</Filter>
    </ClInclude>
    <ClInclude Include="MayLanh1chieu.h">
      <Filter>Header Files</Filter>
    </ClInclude>
    <ClInclude Include="MayLanh2chieu.h">
      <Filter>Header Files</Filter>
    </ClInclude>
    <ClInclude Include="MayQuatDung.h">
      <Filter>Header Files</Filter>
    </ClInclude>
  </ItemGroup>
</Project>