
Microsoft Visual Studio Solution File, Format Version 12.00
# Visual Studio 15
VisualStudioVersion = 15.0.28010.2026
MinimumVisualStudioVersion = 10.0.40219.1
Project("{FAE04EC0-301F-11D3-BF4B-00C04F79EFBC}") = "Bai2", "Bai2\Bai2.csproj", "{2D3A9D83-E5C1-4967-B73D-EE99AF4E340E}"
EndProject
Global
	GlobalSection(SolutionConfigurationPlatforms) = preSolution
		Debug|Any CPU = Debug|Any CPU
		Release|Any CPU = Release|Any CPU
	EndGlobalSection
	GlobalSection(ProjectConfigurationPlatforms) = postSolution
		{2D3A9D83-E5C1-4967-B73D-EE99AF4E340E}.Debug|Any CPU.ActiveCfg = Debug|Any CPU
		{2D3A9D83-E5C1-4967-B73D-EE99AF4E340E}.Debug|Any CPU.Build.0 = Debug|Any CPU
		{2D3A9D83-E5C1-4967-B73D-EE99AF4E340E}.Release|Any CPU.ActiveCfg = Release|Any CPU
		{2D3A9D83-E5C1-4967-B73D-EE99AF4E340E}.Release|Any CPU.Build.0 = Release|Any CPU
	EndGlobalSection
	GlobalSection(SolutionProperties) = preSolution
		HideSolutionNode = FALSE
	EndGlobalSection
	GlobalSection(ExtensibilityGlobals) = postSolution
		SolutionGuid = {301756DF-51B1-4AE5-BB67-11954FDAE6F3}
	EndGlobalSection
EndGlobal
